
Microsoft Visual Studio Solution File, Format Version 12.00
# Visual Studio Version 16
VisualStudioVersion = 16.0.37530.7
MinimumVisualStudioVersion = 10.0.40219.1
Project("{8BC9CEB8-8B4A-11D0-8D11-00A0C91BC942}") = "TheLastBell", "TheLastBell\TheLastBell.vcxproj", "{BC249C9C-7EF1-4FE7-BDEB-36CC334ED85F}"
EndProject
Global
	GlobalSection(SolutionConfigurationPlatforms) = preSolution
		Debug|x64 = Debug|x64
		Debug|x86 = Debug|x86
		Release|x64 = Release|x64
		Release|x86 = Release|x86
	EndGlobalSection
	GlobalSection(ProjectConfigurationPlatforms) = postSolution
		{BC249C9C-7EF1-4FE7-BDEB-36CC334ED85F}.Debug|x64.ActiveCfg = Debug|x64
		{BC249C9C-7EF1-4FE7-BDEB-36CC334ED85F}.Debug|x64.Build.0 = Debug|x64
		{BC249C9C-7EF1-4FE7-BDEB-36CC334ED85F}.Debug|x86.ActiveCfg = Debug|Win32
		{BC249C9C-7EF1-4FE7-BDEB-36CC334ED85F}.Debug|x86.Build.0 = Debug|Win32
		{BC249C9C-7EF1-4FE7-BDEB-36CC334ED85F}.Release|x64.ActiveCfg = Release|x64
		{BC249C9C-7EF1-4FE7-BDEB-36CC334ED85F}.Release|x64.Build.0 = Release|x64
		{BC249C9C-7EF1-4FE7-BDEB-36CC334ED85F}.Release|x86.ActiveCfg = Release|Win32
		{BC249C9C-7EF1-4FE7-BDEB-36CC334ED85F}.Release|x86.Build.0 = Release|Win32
	EndGlobalSection
	GlobalSection(SolutionProperties) = preSolution
		HideSolutionNode = FALSE
	EndGlobalSection
	GlobalSection(ExtensibilityGlobals) = postSolution
		SolutionGuid = {9A27C951-0ECE-46A0-9C1D-759EA7A69891}
	EndGlobalSection
EndGlobal
